dependencies:
- name: kafka
  repository: https://charts.bitnami.com/bitnami
  version: 31.5.0
- name: vault
  repository: https://helm.releases.hashicorp.com
  version: 0.33.0
- name: external-secrets
  repository: https://charts.external-secrets.io
  version: 2.6.0
- name: cert-manager
  repository: https://charts.jetstack.io
  version: v1.14.4
digest: sha256:7b5164a19bc60974d8d1cceec369e9173f4c17ea501aea22ae0f8e6257559f3a
generated: "2026-06-13T01:06:09.082645092+01:00"
